
Microsoft Visual Studio Solution File, Format Version 11.00
# Visual Studio 2010
Project("{8BC9CEB8-8B4A-11D0-8D11-00A0C91BC942}") = "oss-c-sdk-sample", "oss-c-sdk-sample\oss-c-sdk-sample.vcxproj", "{E0CE18E0-D781-4D9F-B14F-6E2119592EC8}"
EndProject
Global
	GlobalSection(SolutionConfigurationPlatforms) = preSolution
		Debug|Win32 = Debug|Win32
		Release|Win32 = Release|Win32
	EndGlobalSection
	GlobalSection(ProjectConfigurationPlatforms) = postSolution
		{E0CE18E0-D781-4D9F-B14F-6E2119592EC8}.Debug|Win32.ActiveCfg = Debug|Win32
		{E0CE18E0-D781-4D9F-B14F-6E2119592EC8}.Debug|Win32.Build.0 = Debug|Win32
		{E0CE18E0-D781-4D9F-B14F-6E2119592EC8}.Release|Win32.ActiveCfg = Release|Win32
		{E0CE18E0-D781-4D9F-B14F-6E2119592EC8}.Release|Win32.Build.0 = Release|Win32
	EndGlobalSection
	GlobalSection(SolutionProperties) = preSolution
		HideSolutionNode = FALSE
	EndGlobalSection
EndGlobal
